// !$*UTF8*$!
{
	archiveVersion = 1;
	classes = {
	};
	objectVersion = 46;
	objects = {

/* Begin PBXBuildFile section */
		2B097A461DE720DA00A997AB /* AppDelegate.swift in Sources */ = {isa = PBXBuildFile; fileRef = 2B097A451DE720DA00A997AB /* AppDelegate.swift */; };
		2B097A481DE720DA00A997AB /* ViewController.swift in Sources */ = {isa = PBXBuildFile; fileRef = 2B097A471DE720DA00A997AB /* ViewController.swift */; };
		2B097A4B1DE720DA00A997AB /* Main.storyboard in Resources */ = {isa = PBXBuildFile; fileRef = 2B097A491DE720DA00A997AB /* Main.storyboard */; };
		2B097A4D1DE720DA00A997AB /* Assets.xcassets in Resources */ = {isa = PBXBuildFile; fileRef = 2B097A4C1DE720DA00A997AB /* Assets.xcassets */; };
		2B097A501DE720DA00A997AB /* LaunchScreen.storyboard in Resources */ = {isa = PBXBuildFile; fileRef = 2B097A4E1DE720DA00A997AB /* LaunchScreen.storyboard */; };
		2B097A581DE724F600A997AB /* ContainerViewController.swift in Sources */ = {isa = PBXBuildFile; fileRef = 2B097A571DE724F600A997AB /* ContainerViewController.swift */; };
		2B097A5A1DE7271B00A997AB /* ContainerCell.swift in Sources */ = {isa = PBXBuildFile; fileRef = 2B097A591DE7271B00A997AB /* ContainerCell.swift */; };
		2B097A5C1DE727C700A997AB /* Container.swift in Sources */ = {isa = PBXBuildFile; fileRef = 2B097A5B1DE727C700A997AB /* Container.swift */; };
		2B097A5F1DE7385A00A997AB /* NetworkTools.swift in Sources */ = {isa = PBXBuildFile; fileRef = 2B097A5E1DE7385A00A997AB /* NetworkTools.swift */; };
		2B33D2A61DE9BA5B00DC5AFC /* XMLDictionary.m in Sources */ = {isa = PBXBuildFile; fileRef = 2B33D2A51DE9BA5B00DC5AFC /* XMLDictionary.m */; };
		2B3F7D9E1DE9DE4100EE40FD /* TrackCell.swift in Sources */ = {isa = PBXBuildFile; fileRef = 2B3F7D9D1DE9DE4100EE40FD /* TrackCell.swift */; };
		2B3F7DA01DE9E06400EE40FD /* Track.swift in Sources */ = {isa = PBXBuildFile; fileRef = 2B3F7D9F1DE9E06400EE40FD /* Track.swift */; };
		2B3F7DA21DE9E0B000EE40FD /* TrackMetadata.swift in Sources */ = {isa = PBXBuildFile; fileRef = 2B3F7DA11DE9E0B000EE40FD /* TrackMetadata.swift */; };
		45C2945EBA4475E3D6531618 /* Pods_LizhiFM.framework in Frameworks */ = {isa = PBXBuildFile; fileRef = 9C7CDDFB0EACFA8592597888 /* Pods_LizhiFM.framework */; };
/* End PBXBuildFile section */

/* Begin PBXFileReference section */
		2B097A421DE720DA00A997AB /* LizhiFM.app */ = {isa = PBXFileReference; explicitFileType = wrapper.application; includeInIndex = 0; path = LizhiFM.app; sourceTree = BUILT_PRODUCTS_DIR; };
		2B097A451DE720DA00A997AB /* AppDelegate.swift */ = {isa = PBXFileReference; lastKnownFileType = sourcecode.swift; path = AppDelegate.swift; sourceTree = "<group>"; };
		2B097A471DE720DA00A997AB /* ViewController.swift */ = {isa = PBXFileReference; lastKnownFileType = sourcecode.swift; path = ViewController.swift; sourceTree = "<group>"; };
		2B097A4A1DE720DA00A997AB /* Base */ = {isa = PBXFileReference; lastKnownFileType = file.storyboard; name = Base; path = Base.lproj/Main.storyboard; sourceTree = "<group>"; };
		2B097A4C1DE720DA00A997AB /* Assets.xcassets */ = {isa = PBXFileReference; lastKnownFileType = folder.assetcatalog; path = Assets.xcassets; sourceTree = "<group>"; };
		2B097A4F1DE720DA00A997AB /* Base */ = {isa = PBXFileReference; lastKnownFileType = file.storyboard; name = Base; path = Base.lproj/LaunchScreen.storyboard; sourceTree = "<group>"; };
		2B097A511DE720DA00A997AB /* Info.plist */ = {isa = PBXFileReference; lastKnownFileType = text.plist.xml; path = Info.plist; sourceTree = "<group>"; };
		2B097A571DE724F600A997AB /* ContainerViewController.swift */ = {isa = PBXFileReference; fileEncoding = 4; lastKnownFileType = sourcecode.swift; path = ContainerViewController.swift; sourceTree = "<group>"; };
		2B097A591DE7271B00A997AB /* ContainerCell.swift */ = {isa = PBXFileReference; fileEncoding = 4; lastKnownFileType = sourcecode.swift; path = ContainerCell.swift; sourceTree = "<group>"; };
		2B097A5B1DE727C700A997AB /* Container.swift */ = {isa = PBXFileReference; fileEncoding = 4; lastKnownFileType = sourcecode.swift; path = Container.swift; sourceTree = "<group>"; };
		2B097A5D1DE72A9200A997AB /* Bridging-Header.h */ = {isa = PBXFileReference; lastKnownFileType = sourcecode.c.h; path = "Bridging-Header.h"; sourceTree = "<group>"; };
		2B097A5E1DE7385A00A997AB /* NetworkTools.swift */ = {isa = PBXFileReference; fileEncoding = 4; lastKnownFileType = sourcecode.swift; path = NetworkTools.swift; sourceTree = "<group>"; };
		2B33D2A41DE9BA5B00DC5AFC /* XMLDictionary.h */ = {isa = PBXFileReference; fileEncoding = 4; lastKnownFileType = sourcecode.c.h; path = XMLDictionary.h; sourceTree = "<group>"; };
		2B33D2A51DE9BA5B00DC5AFC /* XMLDictionary.m */ = {isa = PBXFileReference; fileEncoding = 4; lastKnownFileType = sourcecode.c.objc; path = XMLDictionary.m; sourceTree = "<group>"; };
		2B3F7D9D1DE9DE4100EE40FD /* TrackCell.swift */ = {isa = PBXFileReference; fileEncoding = 4; lastKnownFileType = sourcecode.swift; path = TrackCell.swift; sourceTree = "<group>"; };
		2B3F7D9F1DE9E06400EE40FD /* Track.swift */ = {isa = PBXFileReference; fileEncoding = 4; lastKnownFileType = sourcecode.swift; path = Track.swift; sourceTree = "<group>"; };
		2B3F7DA11DE9E0B000EE40FD /* TrackMetadata.swift */ = {isa = PBXFileReference; fileEncoding = 4; lastKnownFileType = sourcecode.swift; path = TrackMetadata.swift; sourceTree = "<group>"; };
		34847F9ED134CDDB7F19E652 /* Pods-LizhiFM.debug.xcconfig */ = {isa = PBXFileReference; includeInIndex = 1; lastKnownFileType = text.xcconfig; name = "Pods-LizhiFM.debug.xcconfig"; path = "Pods/Target Support Files/Pods-LizhiFM/Pods-LizhiFM.debug.xcconfig"; sourceTree = "<group>"; };
		4B01B041D5D6A38A5FFE72AC /* Pods-LizhiFM.release.xcconfig */ = {isa = PBXFileReference; includeInIndex = 1; lastKnownFileType = text.xcconfig; name = "Pods-LizhiFM.release.xcconfig"; path = "Pods/Target Support Files/Pods-LizhiFM/Pods-LizhiFM.release.xcconfig"; sourceTree = "<group>"; };
		9C7CDDFB0EACFA8592597888 /* Pods_LizhiFM.framework */ = {isa = PBXFileReference; explicitFileType = wrapper.framework; includeInIndex = 0; path = Pods_LizhiFM.framework; sourceTree = BUILT_PRODUCTS_DIR; };
/* End PBXFileReference section */

/* Begin PBXFrameworksBuildPhase section */
		2B097A3F1DE720DA00A997AB /* Frameworks */ = {
			isa = PBXFrameworksBuildPhase;
			buildActionMask = 2147483647;
			files = (
				45C2945EBA4475E3D6531618 /* Pods_LizhiFM.framework in Frameworks */,
			);
			runOnlyForDeploymentPostprocessing = 0;
		};
/* End PBXFrameworksBuildPhase section */

/* Begin PBXGroup section */
		2B097A391DE720DA00A997AB = {
			isa = PBXGroup;
			children = (
				2B097A441DE720DA00A997AB /* LizhiFM */,
				2B097A431DE720DA00A997AB /* Products */,
				B59C949673DC94CE8529C920 /* Pods */,
				E66AEC059C15D587C0B05BD5 /* Frameworks */,
			);
			sourceTree = "<group>";
		};
		2B097A431DE720DA00A997AB /* Products */ = {
			isa = PBXGroup;
			children = (
				2B097A421DE720DA00A997AB /* LizhiFM.app */,
			);
			name = Products;
			sourceTree = "<group>";
		};
		2B097A441DE720DA00A997AB /* LizhiFM */ = {
			isa = PBXGroup;
			children = (
				2B33D2A31DE9BA5B00DC5AFC /* XMLDictionary */,
				2B097A451DE720DA00A997AB /* AppDelegate.swift */,
				2B097A471DE720DA00A997AB /* ViewController.swift */,
				2B097A491DE720DA00A997AB /* Main.storyboard */,
				2B097A571DE724F600A997AB /* ContainerViewController.swift */,
				2B097A591DE7271B00A997AB /* ContainerCell.swift */,
				2B097A5B1DE727C700A997AB /* Container.swift */,
				2B3F7D9D1DE9DE4100EE40FD /* TrackCell.swift */,
				2B3F7DA11DE9E0B000EE40FD /* TrackMetadata.swift */,
				2B3F7D9F1DE9E06400EE40FD /* Track.swift */,
				2B097A5E1DE7385A00A997AB /* NetworkTools.swift */,
				2B097A5D1DE72A9200A997AB /* Bridging-Header.h */,
				2B097A4C1DE720DA00A997AB /* Assets.xcassets */,
				2B097A4E1DE720DA00A997AB /* LaunchScreen.storyboard */,
				2B097A511DE720DA00A997AB /* Info.plist */,
			);
			path = LizhiFM;
			sourceTree = "<group>";
		};
		2B33D2A31DE9BA5B00DC5AFC /* XMLDictionary */ = {
			isa = PBXGroup;
			children = (
				2B33D2A41DE9BA5B00DC5AFC /* XMLDictionary.h */,
				2B33D2A51DE9BA5B00DC5AFC /* XMLDictionary.m */,
			);
			path = XMLDictionary;
			sourceTree = "<group>";
		};
		B59C949673DC94CE8529C920 /* Pods */ = {
			isa = PBXGroup;
			children = (
				34847F9ED134CDDB7F19E652 /* Pods-LizhiFM.debug.xcconfig */,
				4B01B041D5D6A38A5FFE72AC /* Pods-LizhiFM.release.xcconfig */,
			);
			name = Pods;
			sourceTree = "<group>";
		};
		E66AEC059C15D587C0B05BD5 /* Frameworks */ = {
			isa = PBXGroup;
			children = (
				9C7CDDFB0EACFA8592597888 /* Pods_LizhiFM.framework */,
			);
			name = Frameworks;
			sourceTree = "<group>";
		};
/* End PBXGroup section */

/* Begin PBXNativeTarget section */
		2B097A411DE720DA00A997AB /* LizhiFM */ = {
			isa = PBXNativeTarget;
			buildConfigurationList = 2B097A541DE720DA00A997AB /* Build configuration list for PBXNativeTarget "LizhiFM" */;
			buildPhases = (
				530E78F2120145702D71F5AA /* [CP] Check Pods Manifest.lock */,
				2B097A3E1DE720DA00A997AB /* Sources */,
				2B097A3F1DE720DA00A997AB /* Frameworks */,
				2B097A401DE720DA00A997AB /* Resources */,
				6DDA467E4DE9E34A2052B6E3 /* [CP] Embed Pods Frameworks */,
				B9B161DF0BF7CECF7CC8705C /* [CP] Copy Pods Resources */,
			);
			buildRules = (
			);
			dependencies = (
			);
			name = LizhiFM;
			productName = LizhiFM;
			productReference = 2B097A421DE720DA00A997AB /* LizhiFM.app */;
			productType = "com.apple.product-type.application";
		};
/* End PBXNativeTarget section */

/* Begin PBXProject section */
		2B097A3A1DE720DA00A997AB /* Project object */ = {
			isa = PBXProject;
			attributes = {
				LastSwiftUpdateCheck = 0810;
				LastUpgradeCheck = 0810;
				ORGANIZATIONNAME = LB;
				TargetAttributes = {
					2B097A411DE720DA00A997AB = {
						CreatedOnToolsVersion = 8.1;
						DevelopmentTeam = EA2V7RMSRK;
						ProvisioningStyle = Automatic;
					};
				};
			};
			buildConfigurationList = 2B097A3D1DE720DA00A997AB /* Build configuration list for PBXProject "LizhiFM" */;
			compatibilityVersion = "Xcode 3.2";
			developmentRegion = English;
			hasScannedForEncodings = 0;
			knownRegions = (
				en,
				Base,
			);
			mainGroup = 2B097A391DE720DA00A997AB;
			productRefGroup = 2B097A431DE720DA00A997AB /* Products */;
			projectDirPath = "";
			projectRoot = "";
			targets = (
				2B097A411DE720DA00A997AB /* LizhiFM */,
			);
		};
/* End PBXProject section */

/* Begin PBXResourcesBuildPhase section */
		2B097A401DE720DA00A997AB /* Resources */ = {
			isa = PBXResourcesBuildPhase;
			buildActionMask = 2147483647;
			files = (
				2B097A501DE720DA00A997AB /* LaunchScreen.storyboard in Resources */,
				2B097A4D1DE720DA00A997AB /* Assets.xcassets in Resources */,
				2B097A4B1DE720DA00A997AB /* Main.storyboard in Resources */,
			);
			runOnlyForDeploymentPostprocessing = 0;
		};
/* End PBXResourcesBuildPhase section */

/* Begin PBXShellScriptBuildPhase section */
		530E78F2120145702D71F5AA /* [CP] Check Pods Manifest.lock */ = {
			isa = PBXShellScriptBuildPhase;
			buildActionMask = 2147483647;
			files = (
			);
			inputPaths = (
			);
			name = "[CP] Check Pods Manifest.lock";
			outputPaths = (
			);
			runOnlyForDeploymentPostprocessing = 0;
			shellPath = /bin/sh;
			shellScript = "diff \"${PODS_ROOT}/../Podfile.lock\" \"${PODS_ROOT}/Manifest.lock\" > /dev/null\nif [[ $? != 0 ]] ; then\n    cat << EOM\nerror: The sandbox is not in sync with the Podfile.lock. Run 'pod install' or update your CocoaPods installation.\nEOM\n    exit 1\nfi\n";
			showEnvVarsInLog = 0;
		};
		6DDA467E4DE9E34A2052B6E3 /* [CP] Embed Pods Frameworks */ = {
			isa = PBXShellScriptBuildPhase;
			buildActionMask = 2147483647;
			files = (
			);
			inputPaths = (
			);
			name = "[CP] Embed Pods Frameworks";
			outputPaths = (
			);
			runOnlyForDeploymentPostprocessing = 0;
			shellPath = /bin/sh;
			shellScript = "\"${SRCROOT}/Pods/Target Support Files/Pods-LizhiFM/Pods-LizhiFM-frameworks.sh\"\n";
			showEnvVarsInLog = 0;
		};
		B9B161DF0BF7CECF7CC8705C /* [CP] Copy Pods Resources */ = {
			isa = PBXShellScriptBuildPhase;
			buildActionMask = 2147483647;
			files = (
			);
			inputPaths = (
			);
			name = "[CP] Copy Pods Resources";
			outputPaths = (
			);
			runOnlyForDeploymentPostprocessing = 0;
			shellPath = /bin/sh;
			shellScript = "\"${SRCROOT}/Pods/Target Support Files/Pods-LizhiFM/Pods-LizhiFM-resources.sh\"\n";
			showEnvVarsInLog = 0;
		};
/* End PBXShellScriptBuildPhase section */

/* Begin PBXSourcesBuildPhase section */
		2B097A3E1DE720DA00A997AB /* Sources */ = {
			isa = PBXSourcesBuildPhase;
			buildActionMask = 2147483647;
			files = (
				2B097A481DE720DA00A997AB /* ViewController.swift in Sources */,
				2B097A5A1DE7271B00A997AB /* ContainerCell.swift in Sources */,
				2B097A5F1DE7385A00A997AB /* NetworkTools.swift in Sources */,
				2B33D2A61DE9BA5B00DC5AFC /* XMLDictionary.m in Sources */,
				2B097A5C1DE727C700A997AB /* Container.swift in Sources */,
				2B3F7DA01DE9E06400EE40FD /* Track.swift in Sources */,
				2B3F7DA21DE9E0B000EE40FD /* TrackMetadata.swift in Sources */,
				2B097A581DE724F600A997AB /* ContainerViewController.swift in Sources */,
				2B097A461DE720DA00A997AB /* AppDelegate.swift in Sources */,
				2B3F7D9E1DE9DE4100EE40FD /* TrackCell.swift in Sources */,
			);
			runOnlyForDeploymentPostprocessing = 0;
		};
/* End PBXSourcesBuildPhase section */

/* Begin PBXVariantGroup section */
		2B097A491DE720DA00A997AB /* Main.storyboard */ = {
			isa = PBXVariantGroup;
			children = (
				2B097A4A1DE720DA00A997AB /* Base */,
			);
			name = Main.storyboard;
			sourceTree = "<group>";
		};
		2B097A4E1DE720DA00A997AB /* LaunchScreen.storyboard */ = {
			isa = PBXVariantGroup;
			children = (
				2B097A4F1DE720DA00A997AB /* Base */,
			);
			name = LaunchScreen.storyboard;
			sourceTree = "<group>";
		};
/* End PBXVariantGroup section */

/* Begin XCBuildConfiguration section */
		2B097A521DE720DA00A997AB /* Debug */ = {
			isa = XCBuildConfiguration;
			buildSettings = {
				ALWAYS_SEARCH_USER_PATHS = NO;
				CLANG_ANALYZER_NONNULL = YES;
				CLANG_CXX_LANGUAGE_STANDARD = "gnu++0x";
				CLANG_CXX_LIBRARY = "libc++";
				CLANG_ENABLE_MODULES = YES;
				CLANG_ENABLE_OBJC_ARC = YES;
				CLANG_WARN_BOOL_CONVERSION = YES;
				CLANG_WARN_CONSTANT_CONVERSION = YES;
				CLANG_WARN_DIRECT_OBJC_ISA_USAGE = YES_ERROR;
				CLANG_WARN_DOCUMENTATION_COMMENTS = YES;
				CLANG_WARN_EMPTY_BODY = YES;
				CLANG_WARN_ENUM_CONVERSION = YES;
				CLANG_WARN_INFINITE_RECURSION = YES;
				CLANG_WARN_INT_CONVERSION = YES;
				CLANG_WARN_OBJC_ROOT_CLASS = YES_ERROR;
				CLANG_WARN_SUSPICIOUS_MOVES = YES;
				CLANG_WARN_UNREACHABLE_CODE = YES;
				CLANG_WARN__DUPLICATE_METHOD_MATCH = YES;
				"CODE_SIGN_IDENTITY[sdk=iphoneos*]" = "iPhone Developer";
				COPY_PHASE_STRIP = NO;
				DEBUG_INFORMATION_FORMAT = dwarf;
				ENABLE_STRICT_OBJC_MSGSEND = YES;
				ENABLE_TESTABILITY = YES;
				GCC_C_LANGUAGE_STANDARD = gnu99;
				GCC_DYNAMIC_NO_PIC = NO;
				GCC_NO_COMMON_BLOCKS = YES;
				GCC_OPTIMIZATION_LEVEL = 0;
				GCC_PREPROCESSOR_DEFINITIONS = (
					"DEBUG=1",
					"$(inherited)",
				);
				GCC_WARN_64_TO_32_BIT_CONVERSION = YES;
				GCC_WARN_ABOUT_RETURN_TYPE = YES_ERROR;
				GCC_WARN_UNDECLARED_SELECTOR = YES;
				GCC_WARN_UNINITIALIZED_AUTOS = YES_AGGRESSIVE;
				GCC_WARN_UNUSED_FUNCTION = YES;
				GCC_WARN_UNUSED_VARIABLE = YES;
				IPHONEOS_DEPLOYMENT_TARGET = 8.0;
				MTL_ENABLE_DEBUG_INFO = YES;
				ONLY_ACTIVE_ARCH = YES;
				SDKROOT = iphoneos;
				SWIFT_ACTIVE_COMPILATION_CONDITIONS = DEBUG;
				SWIFT_OPTIMIZATION_LEVEL = "-Onone";
			};
			name = Debug;
		};
		2B097A531DE720DA00A997AB /* Release */ = {
			isa = XCBuildConfiguration;
			buildSettings = {
				ALWAYS_SEARCH_USER_PATHS = NO;
				CLANG_ANALYZER_NONNULL = YES;
				CLANG_CXX_LANGUAGE_STANDARD = "gnu++0x";
				CLANG_CXX_LIBRARY = "libc++";
				CLANG_ENABLE_MODULES = YES;
				CLANG_ENABLE_OBJC_ARC = YES;
				CLANG_WARN_BOOL_CONVERSION = YES;
				CLANG_WARN_CONSTANT_CONVERSION = YES;
				CLANG_WARN_DIRECT_OBJC_ISA_USAGE = YES_ERROR;
				CLANG_WARN_DOCUMENTATION_COMMENTS = YES;
				CLANG_WARN_EMPTY_BODY = YES;
				CLANG_WARN_ENUM_CONVERSION = YES;
				CLANG_WARN_INFINITE_RECURSION = YES;
				CLANG_WARN_INT_CONVERSION = YES;
				CLANG_WARN_OBJC_ROOT_CLASS = YES_ERROR;
				CLANG_WARN_SUSPICIOUS_MOVES = YES;
				CLANG_WARN_UNREACHABLE_CODE = YES;
				CLANG_WARN__DUPLICATE_METHOD_MATCH = YES;
				"CODE_SIGN_IDENTITY[sdk=iphoneos*]" = "iPhone Developer";
				COPY_PHASE_STRIP = NO;
				DEBUG_INFORMATION_FORMAT = "dwarf-with-dsym";
				ENABLE_NS_ASSERTIONS = NO;
				ENABLE_STRICT_OBJC_MSGSEND = YES;
				GCC_C_LANGUAGE_STANDARD = gnu99;
				GCC_NO_COMMON_BLOCKS = YES;
				GCC_WARN_64_TO_32_BIT_CONVERSION = YES;
				GCC_WARN_ABOUT_RETURN_TYPE = YES_ERROR;
				GCC_WARN_UNDECLARED_SELECTOR = YES;
				GCC_WARN_UNINITIALIZED_AUTOS = YES_AGGRESSIVE;
				GCC_WARN_UNUSED_FUNCTION = YES;
				GCC_WARN_UNUSED_VARIABLE = YES;
				IPHONEOS_DEPLOYMENT_TARGET = 8.0;
				MTL_ENABLE_DEBUG_INFO = NO;
				SDKROOT = iphoneos;
				SWIFT_OPTIMIZATION_LEVEL = "-Owholemodule";
				VALIDATE_PRODUCT = YES;
			};
			name = Release;
		};
		2B097A551DE720DA00A997AB /* Debug */ = {
			isa = XCBuildConfiguration;
			baseConfigurationReference = 34847F9ED134CDDB7F19E652 /* Pods-LizhiFM.debug.xcconfig */;
			buildSettings = {
				ASSETCATALOG_COMPILER_APPICON_NAME = AppIcon;
				DEVELOPMENT_TEAM = EA2V7RMSRK;
				INFOPLIST_FILE = LizhiFM/Info.plist;
				LD_RUNPATH_SEARCH_PATHS = "$(inherited) @executable_path/Frameworks";
				PRODUCT_BUNDLE_IDENTIFIER = com.itn.LizhiFM;
				PRODUCT_NAME = "$(TARGET_NAME)";
				SWIFT_OBJC_BRIDGING_HEADER = "LizhiFM/Bridging-Header.h";
				SWIFT_VERSION = 3.0;
			};
			name = Debug;
		};
		2B097A561DE720DA00A997AB /* Release */ = {
			isa = XCBuildConfiguration;
			baseConfigurationReference = 4B01B041D5D6A38A5FFE72AC /* Pods-LizhiFM.release.xcconfig */;
			buildSettings = {
				ASSETCATALOG_COMPILER_APPICON_NAME = AppIcon;
				DEVELOPMENT_TEAM = EA2V7RMSRK;
				INFOPLIST_FILE = LizhiFM/Info.plist;
				LD_RUNPATH_SEARCH_PATHS = "$(inherited) @executable_path/Frameworks";
				PRODUCT_BUNDLE_IDENTIFIER = com.itn.LizhiFM;
				PRODUCT_NAME = "$(TARGET_NAME)";
				SWIFT_OBJC_BRIDGING_HEADER = "LizhiFM/Bridging-Header.h";
				SWIFT_VERSION = 3.0;
			};
			name = Release;
		};
/* End XCBuildConfiguration section */

/* Begin XCConfigurationList section */
		2B097A3D1DE720DA00A997AB /* Build configuration list for PBXProject "LizhiFM" */ = {
			isa = XCConfigurationList;
			buildConfigurations = (
				2B097A521DE720DA00A997AB /* Debug */,
				2B097A531DE720DA00A997AB /* Release */,
			);
			defaultConfigurationIsVisible = 0;
			defaultConfigurationName = Release;
		};
		2B097A541DE720DA00A997AB /* Build configuration list for PBXNativeTarget "LizhiFM" */ = {
			isa = XCConfigurationList;
			buildConfigurations = (
				2B097A551DE720DA00A997AB /* Debug */,
				2B097A561DE720DA00A997AB /* Release */,
			);
			defaultConfigurationIsVisible = 0;
			defaultConfigurationName = Release;
		};
/* End XCConfigurationList section */
	};
	rootObject = 2B097A3A1DE720DA00A997AB /* Project object */;
}
